// !$*UTF8*$!
{
	archiveVersion = 1;
	classes = {
	};
	objectVersion = 50;
	objects = {

/* Begin PBXBuildFile section */
		87044A0F256EB9FE0087D519 /* cube.cpp in Sources */ = {isa = PBXBuildFile; fileRef = 87044A0D256EB9FE0087D519 /* cube.cpp */; };
		8705B4192562D4A40052E0C3 /* main.cpp in Sources */ = {isa = PBXBuildFile; fileRef = 8705B4182562D4A40052E0C3 /* main.cpp */; };
		8705B4222562D4B00052E0C3 /* OpenGL.framework in Frameworks */ = {isa = PBXBuildFile; fileRef = 8705B4212562D4B00052E0C3 /* OpenGL.framework */; };
		8705B4292562DAA20052E0C3 /* libGLEW.2.2.0.dylib in Frameworks */ = {isa = PBXBuildFile; fileRef = 8705B4272562DAA20052E0C3 /* libGLEW.2.2.0.dylib */; };
		8705B42A2562DAA20052E0C3 /* libGLEW.2.2.0.dylib in Embed Libraries */ = {isa = PBXBuildFile; fileRef = 8705B4272562DAA20052E0C3 /* libGLEW.2.2.0.dylib */; settings = {ATTRIBUTES = (CodeSignOnCopy, ); }; };
		8705B42B2562DAA20052E0C3 /* libglfw.3.3.dylib in Frameworks */ = {isa = PBXBuildFile; fileRef = 8705B4282562DAA20052E0C3 /* libglfw.3.3.dylib */; };
		8705B42C2562DAA20052E0C3 /* libglfw.3.3.dylib in Embed Libraries */ = {isa = PBXBuildFile; fileRef = 8705B4282562DAA20052E0C3 /* libglfw.3.3.dylib */; settings = {ATTRIBUTES = (CodeSignOnCopy, ); }; };
		8705B4302563C75B0052E0C3 /* cloth.cpp in Sources */ = {isa = PBXBuildFile; fileRef = 8705B42E2563C75B0052E0C3 /* cloth.cpp */; };
		8705B433256442850052E0C3 /* ground.cpp in Sources */ = {isa = PBXBuildFile; fileRef = 8705B431256442850052E0C3 /* ground.cpp */; };
		8705B437256443610052E0C3 /* Shader.cpp in Sources */ = {isa = PBXBuildFile; fileRef = 8705B435256443610052E0C3 /* Shader.cpp */; };
		8705B43D256526AC0052E0C3 /* Camera.cpp in Sources */ = {isa = PBXBuildFile; fileRef = 8705B43A256526AC0052E0C3 /* Camera.cpp */; };
		8705B44025659EDE0052E0C3 /* error_check.cpp in Sources */ = {isa = PBXBuildFile; fileRef = 8705B43F25659EDE0052E0C3 /* error_check.cpp */; };
/* End PBXBuildFile section */

/* Begin PBXCopyFilesBuildPhase section */
		8705B4132562D4A40052E0C3 /* CopyFiles */ = {
			isa = PBXCopyFilesBuildPhase;
			buildActionMask = 2147483647;
			dstPath = /usr/share/man/man1/;
			dstSubfolderSpec = 0;
			files = (
			);
			runOnlyForDeploymentPostprocessing = 1;
		};
		8705B42D2562DAA20052E0C3 /* Embed Libraries */ = {
			isa = PBXCopyFilesBuildPhase;
			buildActionMask = 2147483647;
			dstPath = "";
			dstSubfolderSpec = 10;
			files = (
				8705B42C2562DAA20052E0C3 /* libglfw.3.3.dylib in Embed Libraries */,
				8705B42A2562DAA20052E0C3 /* libGLEW.2.2.0.dylib in Embed Libraries */,
			);
			name = "Embed Libraries";
			runOnlyForDeploymentPostprocessing = 0;
		};
/* End PBXCopyFilesBuildPhase section */

/* Begin PBXFileReference section */
		87044A0D256EB9FE0087D519 /* cube.cpp */ = {isa = PBXFileReference; lastKnownFileType = sourcecode.cpp.cpp; path = cube.cpp; sourceTree = "<group>"; };
		87044A0E256EB9FE0087D519 /* cube.hpp */ = {isa = PBXFileReference; lastKnownFileType = sourcecode.cpp.h; path = cube.hpp; sourceTree = "<group>"; };
		8705B4152562D4A40052E0C3 /* interactive_visualization2 */ = {isa = PBXFileReference; explicitFileType = "compiled.mach-o.executable"; includeInIndex = 0; path = interactive_visualization2; sourceTree = BUILT_PRODUCTS_DIR; };
		8705B4182562D4A40052E0C3 /* main.cpp */ = {isa = PBXFileReference; lastKnownFileType = sourcecode.cpp.cpp; path = main.cpp; sourceTree = "<group>"; };
		8705B4212562D4B00052E0C3 /* OpenGL.framework */ = {isa = PBXFileReference; lastKnownFileType = wrapper.framework; name = OpenGL.framework; path = System/Library/Frameworks/OpenGL.framework; sourceTree = SDKROOT; };
		8705B4242562DA7F0052E0C3 /* lib */ = {isa = PBXFileReference; lastKnownFileType = folder; path = lib; sourceTree = "<group>"; };
		8705B4252562DA7F0052E0C3 /* include */ = {isa = PBXFileReference; lastKnownFileType = folder; path = include; sourceTree = "<group>"; };
		8705B4272562DAA20052E0C3 /* libGLEW.2.2.0.dylib */ = {isa = PBXFileReference; lastKnownFileType = "compiled.mach-o.dylib"; name = libGLEW.2.2.0.dylib; path = lib/libGLEW.2.2.0.dylib; sourceTree = "<group>"; };
		8705B4282562DAA20052E0C3 /* libglfw.3.3.dylib */ = {isa = PBXFileReference; lastKnownFileType = "compiled.mach-o.dylib"; name = libglfw.3.3.dylib; path = lib/libglfw.3.3.dylib; sourceTree = "<group>"; };
		8705B42E2563C75B0052E0C3 /* cloth.cpp */ = {isa = PBXFileReference; lastKnownFileType = sourcecode.cpp.cpp; path = cloth.cpp; sourceTree = "<group>"; };
		8705B42F2563C75B0052E0C3 /* cloth.hpp */ = {isa = PBXFileReference; lastKnownFileType = sourcecode.cpp.h; path = cloth.hpp; sourceTree = "<group>"; };
		8705B431256442850052E0C3 /* ground.cpp */ = {isa = PBXFileReference; lastKnownFileType = sourcecode.cpp.cpp; path = ground.cpp; sourceTree = "<group>"; };
		8705B432256442850052E0C3 /* ground.hpp */ = {isa = PBXFileReference; lastKnownFileType = sourcecode.cpp.h; path = ground.hpp; sourceTree = "<group>"; };
		8705B435256443610052E0C3 /* Shader.cpp */ = {isa = PBXFileReference; fileEncoding = 4; lastKnownFileType = sourcecode.cpp.cpp; path = Shader.cpp; sourceTree = "<group>"; };
		8705B436256443610052E0C3 /* Shader.h */ = {isa = PBXFileReference; fileEncoding = 4; lastKnownFileType = sourcecode.c.h; path = Shader.h; sourceTree = "<group>"; };
		8705B438256443710052E0C3 /* Phong_VertexShader.glsl */ = {isa = PBXFileReference; fileEncoding = 4; lastKnownFileType = text; path = Phong_VertexShader.glsl; sourceTree = "<group>"; };
		8705B439256443710052E0C3 /* Phong_FragmentShader.glsl */ = {isa = PBXFileReference; fileEncoding = 4; lastKnownFileType = text; path = Phong_FragmentShader.glsl; sourceTree = "<group>"; };
		8705B43A256526AC0052E0C3 /* Camera.cpp */ = {isa = PBXFileReference; fileEncoding = 4; lastKnownFileType = sourcecode.cpp.cpp; path = Camera.cpp; sourceTree = "<group>"; };
		8705B43B256526AC0052E0C3 /* Camera.h */ = {isa = PBXFileReference; fileEncoding = 4; lastKnownFileType = sourcecode.c.h; path = Camera.h; sourceTree = "<group>"; };
		8705B43C256526AC0052E0C3 /* Light.h */ = {isa = PBXFileReference; fileEncoding = 4; lastKnownFileType = sourcecode.c.h; path = Light.h; sourceTree = "<group>"; };
		8705B43E25659EDE0052E0C3 /* error_check.h */ = {isa = PBXFileReference; fileEncoding = 4; lastKnownFileType = sourcecode.c.h; path = error_check.h; sourceTree = "<group>"; };
		8705B43F25659EDE0052E0C3 /* error_check.cpp */ = {isa = PBXFileReference; fileEncoding = 4; lastKnownFileType = sourcecode.cpp.cpp; path = error_check.cpp; sourceTree = "<group>"; };
/* End PBXFileReference section */

/* Begin PBXFrameworksBuildPhase section */
		8705B4122562D4A40052E0C3 /* Frameworks */ = {
			isa = PBXFrameworksBuildPhase;
			buildActionMask = 2147483647;
			files = (
				8705B42B2562DAA20052E0C3 /* libglfw.3.3.dylib in Frameworks */,
				8705B4222562D4B00052E0C3 /* OpenGL.framework in Frameworks */,
				8705B4292562DAA20052E0C3 /* libGLEW.2.2.0.dylib in Frameworks */,
			);
			runOnlyForDeploymentPostprocessing = 0;
		};
/* End PBXFrameworksBuildPhase section */

/* Begin PBXGroup section */
		8705B40C2562D4A40052E0C3 = {
			isa = PBXGroup;
			children = (
				8705B4252562DA7F0052E0C3 /* include */,
				8705B4242562DA7F0052E0C3 /* lib */,
				8705B4172562D4A40052E0C3 /* interactive_visualization2 */,
				8705B4162562D4A40052E0C3 /* Products */,
				8705B4202562D4B00052E0C3 /* Frameworks */,
			);
			sourceTree = "<group>";
		};
		8705B4162562D4A40052E0C3 /* Products */ = {
			isa = PBXGroup;
			children = (
				8705B4152562D4A40052E0C3 /* interactive_visualization2 */,
			);
			name = Products;
			sourceTree = "<group>";
		};
		8705B4172562D4A40052E0C3 /* interactive_visualization2 */ = {
			isa = PBXGroup;
			children = (
				8705B434256443210052E0C3 /* shader */,
				8705B43F25659EDE0052E0C3 /* error_check.cpp */,
				8705B43E25659EDE0052E0C3 /* error_check.h */,
				8705B43A256526AC0052E0C3 /* Camera.cpp */,
				8705B43B256526AC0052E0C3 /* Camera.h */,
				8705B43C256526AC0052E0C3 /* Light.h */,
				8705B435256443610052E0C3 /* Shader.cpp */,
				8705B436256443610052E0C3 /* Shader.h */,
				8705B4182562D4A40052E0C3 /* main.cpp */,
				8705B42E2563C75B0052E0C3 /* cloth.cpp */,
				8705B42F2563C75B0052E0C3 /* cloth.hpp */,
				8705B431256442850052E0C3 /* ground.cpp */,
				8705B432256442850052E0C3 /* ground.hpp */,
				87044A0D256EB9FE0087D519 /* cube.cpp */,
				87044A0E256EB9FE0087D519 /* cube.hpp */,
			);
			path = interactive_visualization2;
			sourceTree = "<group>";
		};
		8705B4202562D4B00052E0C3 /* Frameworks */ = {
			isa = PBXGroup;
			children = (
				8705B4272562DAA20052E0C3 /* libGLEW.2.2.0.dylib */,
				8705B4282562DAA20052E0C3 /* libglfw.3.3.dylib */,
				8705B4212562D4B00052E0C3 /* OpenGL.framework */,
			);
			name = Frameworks;
			sourceTree = "<group>";
		};
		8705B434256443210052E0C3 /* shader */ = {
			isa = PBXGroup;
			children = (
				8705B439256443710052E0C3 /* Phong_FragmentShader.glsl */,
				8705B438256443710052E0C3 /* Phong_VertexShader.glsl */,
			);
			path = shader;
			sourceTree = "<group>";
		};
/* End PBXGroup section */

/* Begin PBXNativeTarget section */
		8705B4142562D4A40052E0C3 /* interactive_visualization2 */ = {
			isa = PBXNativeTarget;
			buildConfigurationList = 8705B41C2562D4A40052E0C3 /* Build configuration list for PBXNativeTarget "interactive_visualization2" */;
			buildPhases = (
				8705B4112562D4A40052E0C3 /* Sources */,
				8705B4122562D4A40052E0C3 /* Frameworks */,
				8705B4132562D4A40052E0C3 /* CopyFiles */,
				8705B42D2562DAA20052E0C3 /* Embed Libraries */,
			);
			buildRules = (
			);
			dependencies = (
			);
			name = interactive_visualization2;
			productName = interactive_visualization2;
			productReference = 8705B4152562D4A40052E0C3 /* interactive_visualization2 */;
			productType = "com.apple.product-type.tool";
		};
/* End PBXNativeTarget section */

/* Begin PBXProject section */
		8705B40D2562D4A40052E0C3 /* Project object */ = {
			isa = PBXProject;
			attributes = {
				LastUpgradeCheck = 1220;
				TargetAttributes = {
					8705B4142562D4A40052E0C3 = {
						CreatedOnToolsVersion = 12.2;
					};
				};
			};
			buildConfigurationList = 8705B4102562D4A40052E0C3 /* Build configuration list for PBXProject "interactive_visualization2" */;
			compatibilityVersion = "Xcode 9.3";
			developmentRegion = en;
			hasScannedForEncodings = 0;
			knownRegions = (
				en,
				Base,
			);
			mainGroup = 8705B40C2562D4A40052E0C3;
			productRefGroup = 8705B4162562D4A40052E0C3 /* Products */;
			projectDirPath = "";
			projectRoot = "";
			targets = (
				8705B4142562D4A40052E0C3 /* interactive_visualization2 */,
			);
		};
/* End PBXProject section */

/* Begin PBXSourcesBuildPhase section */
		8705B4112562D4A40052E0C3 /* Sources */ = {
			isa = PBXSourcesBuildPhase;
			buildActionMask = 2147483647;
			files = (
				8705B433256442850052E0C3 /* ground.cpp in Sources */,
				8705B4302563C75B0052E0C3 /* cloth.cpp in Sources */,
				8705B43D256526AC0052E0C3 /* Camera.cpp in Sources */,
				8705B437256443610052E0C3 /* Shader.cpp in Sources */,
				87044A0F256EB9FE0087D519 /* cube.cpp in Sources */,
				8705B4192562D4A40052E0C3 /* main.cpp in Sources */,
				8705B44025659EDE0052E0C3 /* error_check.cpp in Sources */,
			);
			runOnlyForDeploymentPostprocessing = 0;
		};
/* End PBXSourcesBuildPhase section */

/* Begin XCBuildConfiguration section */
		8705B41A2562D4A40052E0C3 /* Debug */ = {
			isa = XCBuildConfiguration;
			buildSettings = {
				ALWAYS_SEARCH_USER_PATHS = NO;
				CLANG_ANALYZER_NONNULL = YES;
				CLANG_ANALYZER_NUMBER_OBJECT_CONVERSION = YES_AGGRESSIVE;
				CLANG_CXX_LANGUAGE_STANDARD = "gnu++14";
				CLANG_CXX_LIBRARY = "libc++";
				CLANG_ENABLE_MODULES = YES;
				CLANG_ENABLE_OBJC_ARC = YES;
				CLANG_ENABLE_OBJC_WEAK = YES;
				CLANG_WARN_BLOCK_CAPTURE_AUTORELEASING = YES;
				CLANG_WARN_BOOL_CONVERSION = YES;
				CLANG_WARN_COMMA = YES;
				CLANG_WARN_CONSTANT_CONVERSION = YES;
				CLANG_WARN_DEPRECATED_OBJC_IMPLEMENTATIONS = YES;
				CLANG_WARN_DIRECT_OBJC_ISA_USAGE = YES_ERROR;
				CLANG_WARN_DOCUMENTATION_COMMENTS = YES;
				CLANG_WARN_EMPTY_BODY = YES;
				CLANG_WARN_ENUM_CONVERSION = YES;
				CLANG_WARN_INFINITE_RECURSION = YES;
				CLANG_WARN_INT_CONVERSION = YES;
				CLANG_WARN_NON_LITERAL_NULL_CONVERSION = YES;
				CLANG_WARN_OBJC_IMPLICIT_RETAIN_SELF = YES;
				CLANG_WARN_OBJC_LITERAL_CONVERSION = YES;
				CLANG_WARN_OBJC_ROOT_CLASS = YES_ERROR;
				CLANG_WARN_QUOTED_INCLUDE_IN_FRAMEWORK_HEADER = YES;
				CLANG_WARN_RANGE_LOOP_ANALYSIS = YES;
				CLANG_WARN_STRICT_PROTOTYPES = YES;
				CLANG_WARN_SUSPICIOUS_MOVE = YES;
				CLANG_WARN_UNGUARDED_AVAILABILITY = YES_AGGRESSIVE;
				CLANG_WARN_UNREACHABLE_CODE = YES;
				CLANG_WARN__DUPLICATE_METHOD_MATCH = YES;
				COPY_PHASE_STRIP = NO;
				DEBUG_INFORMATION_FORMAT = dwarf;
				ENABLE_STRICT_OBJC_MSGSEND = YES;
				ENABLE_TESTABILITY = YES;
				GCC_C_LANGUAGE_STANDARD = gnu11;
				GCC_DYNAMIC_NO_PIC = NO;
				GCC_NO_COMMON_BLOCKS = YES;
				GCC_OPTIMIZATION_LEVEL = 0;
				GCC_PREPROCESSOR_DEFINITIONS = (
					"DEBUG=1",
					"$(inherited)",
				);
				GCC_WARN_64_TO_32_BIT_CONVERSION = YES;
				GCC_WARN_ABOUT_RETURN_TYPE = YES_ERROR;
				GCC_WARN_UNDECLARED_SELECTOR = YES;
				GCC_WARN_UNINITIALIZED_AUTOS = YES_AGGRESSIVE;
				GCC_WARN_UNUSED_FUNCTION = YES;
				GCC_WARN_UNUSED_VARIABLE = YES;
				MACOSX_DEPLOYMENT_TARGET = 10.15;
				MTL_ENABLE_DEBUG_INFO = INCLUDE_SOURCE;
				MTL_FAST_MATH = YES;
				ONLY_ACTIVE_ARCH = YES;
				SDKROOT = macosx;
			};
			name = Debug;
		};
		8705B41B2562D4A40052E0C3 /* Release */ = {
			isa = XCBuildConfiguration;
			buildSettings = {
				ALWAYS_SEARCH_USER_PATHS = NO;
				CLANG_ANALYZER_NONNULL = YES;
				CLANG_ANALYZER_NUMBER_OBJECT_CONVERSION = YES_AGGRESSIVE;
				CLANG_CXX_LANGUAGE_STANDARD = "gnu++14";
				CLANG_CXX_LIBRARY = "libc++";
				CLANG_ENABLE_MODULES = YES;
				CLANG_ENABLE_OBJC_ARC = YES;
				CLANG_ENABLE_OBJC_WEAK = YES;
				CLANG_WARN_BLOCK_CAPTURE_AUTORELEASING = YES;
				CLANG_WARN_BOOL_CONVERSION = YES;
				CLANG_WARN_COMMA = YES;
				CLANG_WARN_CONSTANT_CONVERSION = YES;
				CLANG_WARN_DEPRECATED_OBJC_IMPLEMENTATIONS = YES;
				CLANG_WARN_DIRECT_OBJC_ISA_USAGE = YES_ERROR;
				CLANG_WARN_DOCUMENTATION_COMMENTS = YES;
				CLANG_WARN_EMPTY_BODY = YES;
				CLANG_WARN_ENUM_CONVERSION = YES;
				CLANG_WARN_INFINITE_RECURSION = YES;
				CLANG_WARN_INT_CONVERSION = YES;
				CLANG_WARN_NON_LITERAL_NULL_CONVERSION = YES;
				CLANG_WARN_OBJC_IMPLICIT_RETAIN_SELF = YES;
				CLANG_WARN_OBJC_LITERAL_CONVERSION = YES;
				CLANG_WARN_OBJC_ROOT_CLASS = YES_ERROR;
				CLANG_WARN_QUOTED_INCLUDE_IN_FRAMEWORK_HEADER = YES;
				CLANG_WARN_RANGE_LOOP_ANALYSIS = YES;
				CLANG_WARN_STRICT_PROTOTYPES = YES;
				CLANG_WARN_SUSPICIOUS_MOVE = YES;
				CLANG_WARN_UNGUARDED_AVAILABILITY = YES_AGGRESSIVE;
				CLANG_WARN_UNREACHABLE_CODE = YES;
				CLANG_WARN__DUPLICATE_METHOD_MATCH = YES;
				COPY_PHASE_STRIP = NO;
				DEBUG_INFORMATION_FORMAT = "dwarf-with-dsym";
				ENABLE_NS_ASSERTIONS = NO;
				ENABLE_STRICT_OBJC_MSGSEND = YES;
				GCC_C_LANGUAGE_STANDARD = gnu11;
				GCC_NO_COMMON_BLOCKS = YES;
				GCC_WARN_64_TO_32_BIT_CONVERSION = YES;
				GCC_WARN_ABOUT_RETURN_TYPE = YES_ERROR;
				GCC_WARN_UNDECLARED_SELECTOR = YES;
				GCC_WARN_UNINITIALIZED_AUTOS = YES_AGGRESSIVE;
				GCC_WARN_UNUSED_FUNCTION = YES;
				GCC_WARN_UNUSED_VARIABLE = YES;
				MACOSX_DEPLOYMENT_TARGET = 10.15;
				MTL_ENABLE_DEBUG_INFO = NO;
				MTL_FAST_MATH = YES;
				SDKROOT = macosx;
			};
			name = Release;
		};
		8705B41D2562D4A40052E0C3 /* Debug */ = {
			isa = XCBuildConfiguration;
			buildSettings = {
				CODE_SIGN_STYLE = Automatic;
				HEADER_SEARCH_PATHS = "$(SRCROOT)/include";
				LIBRARY_SEARCH_PATHS = (
					"$(SRCROOT)/include",
					"$(PROJECT_DIR)/lib",
				);
				PRODUCT_NAME = "$(TARGET_NAME)";
			};
			name = Debug;
		};
		8705B41E2562D4A40052E0C3 /* Release */ = {
			isa = XCBuildConfiguration;
			buildSettings = {
				CODE_SIGN_STYLE = Automatic;
				HEADER_SEARCH_PATHS = "$(SRCROOT)/include";
				LIBRARY_SEARCH_PATHS = (
					"$(SRCROOT)/include",
					"$(PROJECT_DIR)/lib",
				);
				PRODUCT_NAME = "$(TARGET_NAME)";
			};
			name = Release;
		};
/* End XCBuildConfiguration section */

/* Begin XCConfigurationList section */
		8705B4102562D4A40052E0C3 /* Build configuration list for PBXProject "interactive_visualization2" */ = {
			isa = XCConfigurationList;
			buildConfigurations = (
				8705B41A2562D4A40052E0C3 /* Debug */,
				8705B41B2562D4A40052E0C3 /* Release */,
			);
			defaultConfigurationIsVisible = 0;
			defaultConfigurationName = Release;
		};
		8705B41C2562D4A40052E0C3 /* Build configuration list for PBXNativeTarget "interactive_visualization2" */ = {
			isa = XCConfigurationList;
			buildConfigurations = (
				8705B41D2562D4A40052E0C3 /* Debug */,
				8705B41E2562D4A40052E0C3 /* Release */,
			);
			defaultConfigurationIsVisible = 0;
			defaultConfigurationName = Release;
		};
/* End XCConfigurationList section */
	};
	rootObject = 8705B40D2562D4A40052E0C3 /* Project object */;
}
